
Microsoft Visual Studio Solution File, Format Version 12.00
# Visual Studio 15
VisualStudioVersion = 15.0.28307.168
MinimumVisualStudioVersion = 10.0.40219.1
Project("{FAE04EC0-301F-11D3-BF4B-00C04F79EFBC}") = "DataLayer", "DataLayer\DataLayer.csproj", "{5B379D34-4FA9-4EA7-B02D-95BFF025D630}"
EndProject
Global
	GlobalSection(SolutionConfigurationPlatforms) = preSolution
		Debug|Any CPU = Debug|Any CPU
		Release|Any CPU = Release|Any CPU
	EndGlobalSection
	GlobalSection(ProjectConfigurationPlatforms) = postSolution
		{5B379D34-4FA9-4EA7-B02D-95BFF025D630}.Debug|Any CPU.ActiveCfg = Debug|Any CPU
		{5B379D34-4FA9-4EA7-B02D-95BFF025D630}.Debug|Any CPU.Build.0 = Debug|Any CPU
		{5B379D34-4FA9-4EA7-B02D-95BFF025D630}.Release|Any CPU.ActiveCfg = Release|Any CPU
		{5B379D34-4FA9-4EA7-B02D-95BFF025D630}.Release|Any CPU.Build.0 = Release|Any CPU
	EndGlobalSection
	GlobalSection(SolutionProperties) = preSolution
		HideSolutionNode = FALSE
	EndGlobalSection
	GlobalSection(ExtensibilityGlobals) = postSolution
		SolutionGuid = {2D1DB08A-26B4-4A2B-8983-AD46154D3E8C}
	EndGlobalSection
EndGlobal
